
Microsoft Visual Studio Solution File, Format Version 12.00
# Visual Studio Version 16
VisualStudioVersion = 16.0.30816.121
MinimumVisualStudioVersion = 10.0.40219.1
Project("{FAE04EC0-301F-11D3-BF4B-00C04F79EFBC}") = "QU.api", "QU.api\QU.api.csproj", "{BDEBDB91-D7E4-4200-BC9F-4377077CD6F9}"
EndProject
Project("{FAE04EC0-301F-11D3-BF4B-00C04F79EFBC}") = "QU.api.tests", "QU.api.tests\QU.api.tests.csproj", "{D92A7591-CCD0-4D06-BC25-7E2FF7F98617}"
EndProject
Global
	GlobalSection(SolutionConfigurationPlatforms) = preSolution
		Debug|Any CPU = Debug|Any CPU
		Release|Any CPU = Release|Any CPU
	EndGlobalSection
	GlobalSection(ProjectConfigurationPlatforms) = postSolution
		{BDEBDB91-D7E4-4200-BC9F-4377077CD6F9}.Debug|Any CPU.ActiveCfg = Debug|Any CPU
		{BDEBDB91-D7E4-4200-BC9F-4377077CD6F9}.Debug|Any CPU.Build.0 = Debug|Any CPU
		{BDEBDB91-D7E4-4200-BC9F-4377077CD6F9}.Release|Any CPU.ActiveCfg = Release|Any CPU
		{BDEBDB91-D7E4-4200-BC9F-4377077CD6F9}.Release|Any CPU.Build.0 = Release|Any CPU
		{D92A7591-CCD0-4D06-BC25-7E2FF7F98617}.Debug|Any CPU.ActiveCfg = Debug|Any CPU
		{D92A7591-CCD0-4D06-BC25-7E2FF7F98617}.Debug|Any CPU.Build.0 = Debug|Any CPU
		{D92A7591-CCD0-4D06-BC25-7E2FF7F98617}.Release|Any CPU.ActiveCfg = Release|Any CPU
		{D92A7591-CCD0-4D06-BC25-7E2FF7F98617}.Release|Any CPU.Build.0 = Release|Any CPU
	EndGlobalSection
	GlobalSection(SolutionProperties) = preSolution
		HideSolutionNode = FALSE
	EndGlobalSection
	GlobalSection(ExtensibilityGlobals) = postSolution
		SolutionGuid = {8E9655D3-518F-48A9-B0B4-BB11E60CBBD9}
	EndGlobalSection
EndGlobal
